# This file is automatically @generated by Cargo.
# It is not intended for manual editing.
version = 4

[[package]]
name = "nf-arbitrator"
version = "0.1.0"
dependencies = [
 "nf-protocol",
]

[[package]]
name = "nf-engine"
version = "0.1.0"
dependencies = [
 "nf-arbitrator",
 "nf-protocol",
 "nf-recovery",
 "nf-transport",
]

[[package]]
name = "nf-protocol"
version = "0.1.0"

[[package]]
name = "nf-recovery"
version = "0.1.0"
dependencies = [
 "nf-protocol",
]

[[package]]
name = "nf-testkit"
version = "0.1.0"
dependencies = [
 "nf-arbitrator",
 "nf-protocol",
 "nf-recovery",
 "nf-transport",
]

[[package]]
name = "nf-transport"
version = "0.1.0"
dependencies = [
 "nf-protocol",
]
